
Microsoft Visual Studio Solution File, Format Version 12.00
# Visual Studio 2012
Project("{FAE04EC0-301F-11D3-BF4B-00C04F79EFBC}") = "Watches", "Watches.csproj", "{60BB7E91-0EE1-444F-A495-405E9DA9ADE3}"
EndProject
Project("{FAE04EC0-301F-11D3-BF4B-00C04F79EFBC}") = "Watches.UnitTests", "..\Watches.UnitTests\Watches.UnitTests.csproj", "{21BB269E-6BB9-4477-8F18-1E574EE97C20}"
EndProject
Global
	GlobalSection(SolutionConfigurationPlatforms) = preSolution
		Debug|Any CPU = Debug|Any CPU
		Release|Any CPU = Release|Any CPU
	EndGlobalSection
	GlobalSection(ProjectConfigurationPlatforms) = postSolution
		{60BB7E91-0EE1-444F-A495-405E9DA9ADE3}.Debug|Any CPU.ActiveCfg = Debug|Any CPU
		{60BB7E91-0EE1-444F-A495-405E9DA9ADE3}.Debug|Any CPU.Build.0 = Debug|Any CPU
		{60BB7E91-0EE1-444F-A495-405E9DA9ADE3}.Release|Any CPU.ActiveCfg = Release|Any CPU
		{60BB7E91-0EE1-444F-A495-405E9DA9ADE3}.Release|Any CPU.Build.0 = Release|Any CPU
		{21BB269E-6BB9-4477-8F18-1E574EE97C20}.Debug|Any CPU.ActiveCfg = Debug|Any CPU
		{21BB269E-6BB9-4477-8F18-1E574EE97C20}.Debug|Any CPU.Build.0 = Debug|Any CPU
		{21BB269E-6BB9-4477-8F18-1E574EE97C20}.Release|Any CPU.ActiveCfg = Release|Any CPU
		{21BB269E-6BB9-4477-8F18-1E574EE97C20}.Release|Any CPU.Build.0 = Release|Any CPU
	EndGlobalSection
	GlobalSection(SolutionProperties) = preSolution
		HideSolutionNode = FALSE
	EndGlobalSection
EndGlobal
